
Microsoft Visual Studio Solution File, Format Version 12.00
Project("{FAE04EC0-301F-11D3-BF4B-00C04F79EFBC}") = "tgreacts", "tgreacts.csproj", "{FD24338A-F726-4A42-BECC-A2D3BE1559EA}"
EndProject
Global
	GlobalSection(SolutionConfigurationPlatforms) = preSolution
		Debug|Any CPU = Debug|Any CPU
		Release|Any CPU = Release|Any CPU
	EndGlobalSection
	GlobalSection(ProjectConfigurationPlatforms) = postSolution
		{FD24338A-F726-4A42-BECC-A2D3BE1559EA}.Debug|Any CPU.ActiveCfg = Debug|Any CPU
		{FD24338A-F726-4A42-BECC-A2D3BE1559EA}.Debug|Any CPU.Build.0 = Debug|Any CPU
		{FD24338A-F726-4A42-BECC-A2D3BE1559EA}.Release|Any CPU.ActiveCfg = Release|Any CPU
		{FD24338A-F726-4A42-BECC-A2D3BE1559EA}.Release|Any CPU.Build.0 = Release|Any CPU
	EndGlobalSection
EndGlobal
